
Microsoft Visual Studio Solution File, Format Version 12.00
# Visual Studio Version 17
VisualStudioVersion = 17.11.35327.3
MinimumVisualStudioVersion = 10.0.40219.1
Project("{9A19103F-16F7-4668-BE54-9A1E7A4F7556}") = "TreeView", "TreeView\TreeView.csproj", "{D5F6688E-947B-4C37-AA41-8BDEC99D1CAF}"
EndProject
Project("{FAE04EC0-301F-11D3-BF4B-00C04F79EFBC}") = "Cupertino", "Cupertino\Cupertino.csproj", "{8CCBB9A8-3858-4BB0-815F-AD6BE4AAD4FE}"
EndProject
Project("{FAE04EC0-301F-11D3-BF4B-00C04F79EFBC}") = "Cupertino.Support", "Cupertino.Support\Cupertino.Support.csproj", "{53779B18-9481-4995-AB02-B788A9B6E9D8}"
EndProject
Global
	GlobalSection(SolutionConfigurationPlatforms) = preSolution
		Debug|Any CPU = Debug|Any CPU
		Release|Any CPU = Release|Any CPU
	EndGlobalSection
	GlobalSection(ProjectConfigurationPlatforms) = postSolution
		{D5F6688E-947B-4C37-AA41-8BDEC99D1CAF}.Debug|Any CPU.ActiveCfg = Debug|Any CPU
		{D5F6688E-947B-4C37-AA41-8BDEC99D1CAF}.Debug|Any CPU.Build.0 = Debug|Any CPU
		{D5F6688E-947B-4C37-AA41-8BDEC99D1CAF}.Release|Any CPU.ActiveCfg = Release|Any CPU
		{D5F6688E-947B-4C37-AA41-8BDEC99D1CAF}.Release|Any CPU.Build.0 = Release|Any CPU
		{8CCBB9A8-3858-4BB0-815F-AD6BE4AAD4FE}.Debug|Any CPU.ActiveCfg = Debug|Any CPU
		{8CCBB9A8-3858-4BB0-815F-AD6BE4AAD4FE}.Debug|Any CPU.Build.0 = Debug|Any CPU
		{8CCBB9A8-3858-4BB0-815F-AD6BE4AAD4FE}.Release|Any CPU.ActiveCfg = Release|Any CPU
		{8CCBB9A8-3858-4BB0-815F-AD6BE4AAD4FE}.Release|Any CPU.Build.0 = Release|Any CPU
		{53779B18-9481-4995-AB02-B788A9B6E9D8}.Debug|Any CPU.ActiveCfg = Debug|Any CPU
		{53779B18-9481-4995-AB02-B788A9B6E9D8}.Debug|Any CPU.Build.0 = Debug|Any CPU
		{53779B18-9481-4995-AB02-B788A9B6E9D8}.Release|Any CPU.ActiveCfg = Release|Any CPU
		{53779B18-9481-4995-AB02-B788A9B6E9D8}.Release|Any CPU.Build.0 = Release|Any CPU
	EndGlobalSection
	GlobalSection(SolutionProperties) = preSolution
		HideSolutionNode = FALSE
	EndGlobalSection
	GlobalSection(ExtensibilityGlobals) = postSolution
		SolutionGuid = {2D9FB82B-B493-4F00-978A-912EB55A2390}
	EndGlobalSection
EndGlobal
